
Microsoft Visual Studio Solution File, Format Version 12.00
# Visual Studio 15
VisualStudioVersion = 15.0.26124.0
MinimumVisualStudioVersion = 15.0.26124.0
Project("{2150E333-8FDC-42A3-9474-1A3956D46DE8}") = "1 - Application", "1 - Application", "{827B2E3A-DCCF-4CA5-B7BA-3456F0B51673}"
EndProject
Project("{FAE04EC0-301F-11D3-BF4B-00C04F79EFBC}") = "Microservice.Whatevers.Api", "1 - Application\Microservice.Whatevers.Api\Microservice.Whatevers.Api.csproj", "{0188895B-794E-4E64-B63F-0F05849C324C}"
EndProject
Project("{2150E333-8FDC-42A3-9474-1A3956D46DE8}") = "2 - Domain", "2 - Domain", "{041EF32C-A00F-4313-980F-FF6425BA9DDF}"
EndProject
Project("{FAE04EC0-301F-11D3-BF4B-00C04F79EFBC}") = "Microservice.Whatevers.Domain", "2 - Domain\Microservice.Whatevers.Domain\Microservice.Whatevers.Domain.csproj", "{F175C1C1-B8D8-4035-B174-42FCB4C8887B}"
EndProject
Project("{2150E333-8FDC-42A3-9474-1A3956D46DE8}") = "3 - Services", "3 - Services", "{17B9255A-A9B8-4842-B46B-090555B658DE}"
EndProject
Project("{FAE04EC0-301F-11D3-BF4B-00C04F79EFBC}") = "Microservice.Whatevers.Services", "3 - Services\Microservice.Whatevers.Services\Microservice.Whatevers.Services.csproj", "{90A2ADF0-8683-41AE-B564-FC657277BC52}"
EndProject
Project("{2150E333-8FDC-42A3-9474-1A3956D46DE8}") = "4 - Infra", "4 - Infra", "{5CA96EE6-7C75-41FC-942E-3151740ED06B}"
EndProject
Project("{2150E333-8FDC-42A3-9474-1A3956D46DE8}") = "4.1 - Data", "4.1 - Data", "{32A19BA8-5F13-4306-927C-B8F01C6528DD}"
EndProject
Project("{FAE04EC0-301F-11D3-BF4B-00C04F79EFBC}") = "Microservice.Whatevers.Data", "4 - Infra\4.1 - Data\Microservice.Whatevers.Data\Microservice.Whatevers.Data.csproj", "{03E4FDC4-FBC9-4CA8-BBDA-FEA1DAA709C6}"
EndProject
Project("{2150E333-8FDC-42A3-9474-1A3956D46DE8}") = "4.2 - CrossCuting", "4.2 - CrossCuting", "{41051B2F-7A69-41F2-A787-1DD23A7D89F8}"
EndProject
Project("{FAE04EC0-301F-11D3-BF4B-00C04F79EFBC}") = "Microservice.Whatevers.CrossCuting", "4 - Infra\4.2 - CrossCuting\Microservice.Whatevers.CrossCuting\Microservice.Whatevers.CrossCuting.csproj", "{63618577-2A3B-4497-8802-C552A39AC435}"
EndProject
Project("{2150E333-8FDC-42A3-9474-1A3956D46DE8}") = "src", "src", "{90865797-94EC-47E0-A0BA-575FBEDAD3C5}"
EndProject
Global
	GlobalSection(SolutionConfigurationPlatforms) = preSolution
		Debug|Any CPU = Debug|Any CPU
		Debug|x64 = Debug|x64
		Debug|x86 = Debug|x86
		Release|Any CPU = Release|Any CPU
		Release|x64 = Release|x64
		Release|x86 = Release|x86
	EndGlobalSection
	GlobalSection(SolutionProperties) = preSolution
		HideSolutionNode = FALSE
	EndGlobalSection
	GlobalSection(ProjectConfigurationPlatforms) = postSolution
		{0188895B-794E-4E64-B63F-0F05849C324C}.Debug|Any CPU.ActiveCfg = Debug|Any CPU
		{0188895B-794E-4E64-B63F-0F05849C324C}.Debug|Any CPU.Build.0 = Debug|Any CPU
		{0188895B-794E-4E64-B63F-0F05849C324C}.Debug|x64.ActiveCfg = Debug|Any CPU
		{0188895B-794E-4E64-B63F-0F05849C324C}.Debug|x64.Build.0 = Debug|Any CPU
		{0188895B-794E-4E64-B63F-0F05849C324C}.Debug|x86.ActiveCfg = Debug|Any CPU
		{0188895B-794E-4E64-B63F-0F05849C324C}.Debug|x86.Build.0 = Debug|Any CPU
		{0188895B-794E-4E64-B63F-0F05849C324C}.Release|Any CPU.ActiveCfg = Release|Any CPU
		{0188895B-794E-4E64-B63F-0F05849C324C}.Release|Any CPU.Build.0 = Release|Any CPU
		{0188895B-794E-4E64-B63F-0F05849C324C}.Release|x64.ActiveCfg = Release|Any CPU
		{0188895B-794E-4E64-B63F-0F05849C324C}.Release|x64.Build.0 = Release|Any CPU
		{0188895B-794E-4E64-B63F-0F05849C324C}.Release|x86.ActiveCfg = Release|Any CPU
		{0188895B-794E-4E64-B63F-0F05849C324C}.Release|x86.Build.0 = Release|Any CPU
		{F175C1C1-B8D8-4035-B174-42FCB4C8887B}.Debug|Any CPU.ActiveCfg = Debug|Any CPU
		{F175C1C1-B8D8-4035-B174-42FCB4C8887B}.Debug|Any CPU.Build.0 = Debug|Any CPU
		{F175C1C1-B8D8-4035-B174-42FCB4C8887B}.Debug|x64.ActiveCfg = Debug|Any CPU
		{F175C1C1-B8D8-4035-B174-42FCB4C8887B}.Debug|x64.Build.0 = Debug|Any CPU
		{F175C1C1-B8D8-4035-B174-42FCB4C8887B}.Debug|x86.ActiveCfg = Debug|Any CPU
		{F175C1C1-B8D8-4035-B174-42FCB4C8887B}.Debug|x86.Build.0 = Debug|Any CPU
		{F175C1C1-B8D8-4035-B174-42FCB4C8887B}.Release|Any CPU.ActiveCfg = Release|Any CPU
		{F175C1C1-B8D8-4035-B174-42FCB4C8887B}.Release|Any CPU.Build.0 = Release|Any CPU
		{F175C1C1-B8D8-4035-B174-42FCB4C8887B}.Release|x64.ActiveCfg = Release|Any CPU
		{F175C1C1-B8D8-4035-B174-42FCB4C8887B}.Release|x64.Build.0 = Release|Any CPU
		{F175C1C1-B8D8-4035-B174-42FCB4C8887B}.Release|x86.ActiveCfg = Release|Any CPU
		{F175C1C1-B8D8-4035-B174-42FCB4C8887B}.Release|x86.Build.0 = Release|Any CPU
		{90A2ADF0-8683-41AE-B564-FC657277BC52}.Debug|Any CPU.ActiveCfg = Debug|Any CPU
		{90A2ADF0-8683-41AE-B564-FC657277BC52}.Debug|Any CPU.Build.0 = Debug|Any CPU
		{90A2ADF0-8683-41AE-B564-FC657277BC52}.Debug|x64.ActiveCfg = Debug|Any CPU
		{90A2ADF0-8683-41AE-B564-FC657277BC52}.Debug|x64.Build.0 = Debug|Any CPU
		{90A2ADF0-8683-41AE-B564-FC657277BC52}.Debug|x86.ActiveCfg = Debug|Any CPU
		{90A2ADF0-8683-41AE-B564-FC657277BC52}.Debug|x86.Build.0 = Debug|Any CPU
		{90A2ADF0-8683-41AE-B564-FC657277BC52}.Release|Any CPU.ActiveCfg = Release|Any CPU
		{90A2ADF0-8683-41AE-B564-FC657277BC52}.Release|Any CPU.Build.0 = Release|Any CPU
		{90A2ADF0-8683-41AE-B564-FC657277BC52}.Release|x64.ActiveCfg = Release|Any CPU
		{90A2ADF0-8683-41AE-B564-FC657277BC52}.Release|x64.Build.0 = Release|Any CPU
		{90A2ADF0-8683-41AE-B564-FC657277BC52}.Release|x86.ActiveCfg = Release|Any CPU
		{90A2ADF0-8683-41AE-B564-FC657277BC52}.Release|x86.Build.0 = Release|Any CPU
		{03E4FDC4-FBC9-4CA8-BBDA-FEA1DAA709C6}.Debug|Any CPU.ActiveCfg = Debug|Any CPU
		{03E4FDC4-FBC9-4CA8-BBDA-FEA1DAA709C6}.Debug|Any CPU.Build.0 = Debug|Any CPU
		{03E4FDC4-FBC9-4CA8-BBDA-FEA1DAA709C6}.Debug|x64.ActiveCfg = Debug|Any CPU
		{03E4FDC4-FBC9-4CA8-BBDA-FEA1DAA709C6}.Debug|x64.Build.0 = Debug|Any CPU
		{03E4FDC4-FBC9-4CA8-BBDA-FEA1DAA709C6}.Debug|x86.ActiveCfg = Debug|Any CPU
		{03E4FDC4-FBC9-4CA8-BBDA-FEA1DAA709C6}.Debug|x86.Build.0 = Debug|Any CPU
		{03E4FDC4-FBC9-4CA8-BBDA-FEA1DAA709C6}.Release|Any CPU.ActiveCfg = Release|Any CPU
		{03E4FDC4-FBC9-4CA8-BBDA-FEA1DAA709C6}.Release|Any CPU.Build.0 = Release|Any CPU
		{03E4FDC4-FBC9-4CA8-BBDA-FEA1DAA709C6}.Release|x64.ActiveCfg = Release|Any CPU
		{03E4FDC4-FBC9-4CA8-BBDA-FEA1DAA709C6}.Release|x64.Build.0 = Release|Any CPU
		{03E4FDC4-FBC9-4CA8-BBDA-FEA1DAA709C6}.Release|x86.ActiveCfg = Release|Any CPU
		{03E4FDC4-FBC9-4CA8-BBDA-FEA1DAA709C6}.Release|x86.Build.0 = Release|Any CPU
		{63618577-2A3B-4497-8802-C552A39AC435}.Debug|Any CPU.ActiveCfg = Debug|Any CPU
		{63618577-2A3B-4497-8802-C552A39AC435}.Debug|Any CPU.Build.0 = Debug|Any CPU
		{63618577-2A3B-4497-8802-C552A39AC435}.Debug|x64.ActiveCfg = Debug|Any CPU
		{63618577-2A3B-4497-8802-C552A39AC435}.Debug|x64.Build.0 = Debug|Any CPU
		{63618577-2A3B-4497-8802-C552A39AC435}.Debug|x86.ActiveCfg = Debug|Any CPU
		{63618577-2A3B-4497-8802-C552A39AC435}.Debug|x86.Build.0 = Debug|Any CPU
		{63618577-2A3B-4497-8802-C552A39AC435}.Release|Any CPU.ActiveCfg = Release|Any CPU
		{63618577-2A3B-4497-8802-C552A39AC435}.Release|Any CPU.Build.0 = Release|Any CPU
		{63618577-2A3B-4497-8802-C552A39AC435}.Release|x64.ActiveCfg = Release|Any CPU
		{63618577-2A3B-4497-8802-C552A39AC435}.Release|x64.Build.0 = Release|Any CPU
		{63618577-2A3B-4497-8802-C552A39AC435}.Release|x86.ActiveCfg = Release|Any CPU
		{63618577-2A3B-4497-8802-C552A39AC435}.Release|x86.Build.0 = Release|Any CPU
	EndGlobalSection
	GlobalSection(NestedProjects) = preSolution
		{32A19BA8-5F13-4306-927C-B8F01C6528DD} = {5CA96EE6-7C75-41FC-942E-3151740ED06B}
		{41051B2F-7A69-41F2-A787-1DD23A7D89F8} = {5CA96EE6-7C75-41FC-942E-3151740ED06B}
		{63618577-2A3B-4497-8802-C552A39AC435} = {41051B2F-7A69-41F2-A787-1DD23A7D89F8}
		{0188895B-794E-4E64-B63F-0F05849C324C} = {90865797-94EC-47E0-A0BA-575FBEDAD3C5}
		{F175C1C1-B8D8-4035-B174-42FCB4C8887B} = {90865797-94EC-47E0-A0BA-575FBEDAD3C5}
		{90A2ADF0-8683-41AE-B564-FC657277BC52} = {90865797-94EC-47E0-A0BA-575FBEDAD3C5}
		{03E4FDC4-FBC9-4CA8-BBDA-FEA1DAA709C6} = {90865797-94EC-47E0-A0BA-575FBEDAD3C5}
	EndGlobalSection
EndGlobal
