
Microsoft Visual Studio Solution File, Format Version 12.00
# Visual Studio 15
VisualStudioVersion = 15.0.26124.0
MinimumVisualStudioVersion = 15.0.26124.0
Project("{2150E333-8FDC-42A3-9474-1A3956D46DE8}") = "src", "src", "{433E4D5F-BAA8-41C6-8A00-D915C0931F0B}"
EndProject
Project("{FAE04EC0-301F-11D3-BF4B-00C04F79EFBC}") = "Microservice.Whatevers.WebApi", "src\Microservice.Whatevers.WebApi\Microservice.Whatevers.WebApi.csproj", "{17361F99-CFFE-4D63-A87E-EB83613568B8}"
EndProject
Project("{FAE04EC0-301F-11D3-BF4B-00C04F79EFBC}") = "Microservice.Whatevers.Repositories", "src\Microservice.Whatevers.Repositories\Microservice.Whatevers.Repositories.csproj", "{EC9F5C58-2378-40D6-A33B-5390C1EAD82C}"
EndProject
Project("{FAE04EC0-301F-11D3-BF4B-00C04F79EFBC}") = "Microservice.Whatevers.Domain", "src\Microservice.Whatevers.Domain\Microservice.Whatevers.Domain.csproj", "{150F8C9E-317C-4200-B452-EDD1F0A32071}"
EndProject
Project("{FAE04EC0-301F-11D3-BF4B-00C04F79EFBC}") = "Microservice.Whatevers.Services", "src\Microservice.Whatevers.Services\Microservice.Whatevers.Services.csproj", "{B736BEC4-9947-4D30-BB94-129FE48F82E6}"
EndProject
Project("{2150E333-8FDC-42A3-9474-1A3956D46DE8}") = "test", "test", "{D16CB978-F4E5-4A2B-9FE4-56C2FFEEEE7E}"
EndProject
Project("{FAE04EC0-301F-11D3-BF4B-00C04F79EFBC}") = "Microservice.Whatevers.Domain.UnitTest", "test\Microservice.Whatevers.Domain.UnitTest\Microservice.Whatevers.Domain.UnitTest.csproj", "{D33C2853-0A2B-4BC9-989F-E2374B2D0931}"
EndProject
Global
	GlobalSection(SolutionConfigurationPlatforms) = preSolution
		Debug|Any CPU = Debug|Any CPU
		Debug|x64 = Debug|x64
		Debug|x86 = Debug|x86
		Release|Any CPU = Release|Any CPU
		Release|x64 = Release|x64
		Release|x86 = Release|x86
	EndGlobalSection
	GlobalSection(SolutionProperties) = preSolution
		HideSolutionNode = FALSE
	EndGlobalSection
	GlobalSection(ProjectConfigurationPlatforms) = postSolution
		{17361F99-CFFE-4D63-A87E-EB83613568B8}.Debug|Any CPU.ActiveCfg = Debug|Any CPU
		{17361F99-CFFE-4D63-A87E-EB83613568B8}.Debug|Any CPU.Build.0 = Debug|Any CPU
		{17361F99-CFFE-4D63-A87E-EB83613568B8}.Debug|x64.ActiveCfg = Debug|Any CPU
		{17361F99-CFFE-4D63-A87E-EB83613568B8}.Debug|x64.Build.0 = Debug|Any CPU
		{17361F99-CFFE-4D63-A87E-EB83613568B8}.Debug|x86.ActiveCfg = Debug|Any CPU
		{17361F99-CFFE-4D63-A87E-EB83613568B8}.Debug|x86.Build.0 = Debug|Any CPU
		{17361F99-CFFE-4D63-A87E-EB83613568B8}.Release|Any CPU.ActiveCfg = Release|Any CPU
		{17361F99-CFFE-4D63-A87E-EB83613568B8}.Release|Any CPU.Build.0 = Release|Any CPU
		{17361F99-CFFE-4D63-A87E-EB83613568B8}.Release|x64.ActiveCfg = Release|Any CPU
		{17361F99-CFFE-4D63-A87E-EB83613568B8}.Release|x64.Build.0 = Release|Any CPU
		{17361F99-CFFE-4D63-A87E-EB83613568B8}.Release|x86.ActiveCfg = Release|Any CPU
		{17361F99-CFFE-4D63-A87E-EB83613568B8}.Release|x86.Build.0 = Release|Any CPU
		{EC9F5C58-2378-40D6-A33B-5390C1EAD82C}.Debug|Any CPU.ActiveCfg = Debug|Any CPU
		{EC9F5C58-2378-40D6-A33B-5390C1EAD82C}.Debug|Any CPU.Build.0 = Debug|Any CPU
		{EC9F5C58-2378-40D6-A33B-5390C1EAD82C}.Debug|x64.ActiveCfg = Debug|Any CPU
		{EC9F5C58-2378-40D6-A33B-5390C1EAD82C}.Debug|x64.Build.0 = Debug|Any CPU
		{EC9F5C58-2378-40D6-A33B-5390C1EAD82C}.Debug|x86.ActiveCfg = Debug|Any CPU
		{EC9F5C58-2378-40D6-A33B-5390C1EAD82C}.Debug|x86.Build.0 = Debug|Any CPU
		{EC9F5C58-2378-40D6-A33B-5390C1EAD82C}.Release|Any CPU.ActiveCfg = Release|Any CPU
		{EC9F5C58-2378-40D6-A33B-5390C1EAD82C}.Release|Any CPU.Build.0 = Release|Any CPU
		{EC9F5C58-2378-40D6-A33B-5390C1EAD82C}.Release|x64.ActiveCfg = Release|Any CPU
		{EC9F5C58-2378-40D6-A33B-5390C1EAD82C}.Release|x64.Build.0 = Release|Any CPU
		{EC9F5C58-2378-40D6-A33B-5390C1EAD82C}.Release|x86.ActiveCfg = Release|Any CPU
		{EC9F5C58-2378-40D6-A33B-5390C1EAD82C}.Release|x86.Build.0 = Release|Any CPU
		{150F8C9E-317C-4200-B452-EDD1F0A32071}.Debug|Any CPU.ActiveCfg = Debug|Any CPU
		{150F8C9E-317C-4200-B452-EDD1F0A32071}.Debug|Any CPU.Build.0 = Debug|Any CPU
		{150F8C9E-317C-4200-B452-EDD1F0A32071}.Debug|x64.ActiveCfg = Debug|Any CPU
		{150F8C9E-317C-4200-B452-EDD1F0A32071}.Debug|x64.Build.0 = Debug|Any CPU
		{150F8C9E-317C-4200-B452-EDD1F0A32071}.Debug|x86.ActiveCfg = Debug|Any CPU
		{150F8C9E-317C-4200-B452-EDD1F0A32071}.Debug|x86.Build.0 = Debug|Any CPU
		{150F8C9E-317C-4200-B452-EDD1F0A32071}.Release|Any CPU.ActiveCfg = Release|Any CPU
		{150F8C9E-317C-4200-B452-EDD1F0A32071}.Release|Any CPU.Build.0 = Release|Any CPU
		{150F8C9E-317C-4200-B452-EDD1F0A32071}.Release|x64.ActiveCfg = Release|Any CPU
		{150F8C9E-317C-4200-B452-EDD1F0A32071}.Release|x64.Build.0 = Release|Any CPU
		{150F8C9E-317C-4200-B452-EDD1F0A32071}.Release|x86.ActiveCfg = Release|Any CPU
		{150F8C9E-317C-4200-B452-EDD1F0A32071}.Release|x86.Build.0 = Release|Any CPU
		{B736BEC4-9947-4D30-BB94-129FE48F82E6}.Debug|Any CPU.ActiveCfg = Debug|Any CPU
		{B736BEC4-9947-4D30-BB94-129FE48F82E6}.Debug|Any CPU.Build.0 = Debug|Any CPU
		{B736BEC4-9947-4D30-BB94-129FE48F82E6}.Debug|x64.ActiveCfg = Debug|Any CPU
		{B736BEC4-9947-4D30-BB94-129FE48F82E6}.Debug|x64.Build.0 = Debug|Any CPU
		{B736BEC4-9947-4D30-BB94-129FE48F82E6}.Debug|x86.ActiveCfg = Debug|Any CPU
		{B736BEC4-9947-4D30-BB94-129FE48F82E6}.Debug|x86.Build.0 = Debug|Any CPU
		{B736BEC4-9947-4D30-BB94-129FE48F82E6}.Release|Any CPU.ActiveCfg = Release|Any CPU
		{B736BEC4-9947-4D30-BB94-129FE48F82E6}.Release|Any CPU.Build.0 = Release|Any CPU
		{B736BEC4-9947-4D30-BB94-129FE48F82E6}.Release|x64.ActiveCfg = Release|Any CPU
		{B736BEC4-9947-4D30-BB94-129FE48F82E6}.Release|x64.Build.0 = Release|Any CPU
		{B736BEC4-9947-4D30-BB94-129FE48F82E6}.Release|x86.ActiveCfg = Release|Any CPU
		{B736BEC4-9947-4D30-BB94-129FE48F82E6}.Release|x86.Build.0 = Release|Any CPU
		{D33C2853-0A2B-4BC9-989F-E2374B2D0931}.Debug|Any CPU.ActiveCfg = Debug|Any CPU
		{D33C2853-0A2B-4BC9-989F-E2374B2D0931}.Debug|Any CPU.Build.0 = Debug|Any CPU
		{D33C2853-0A2B-4BC9-989F-E2374B2D0931}.Debug|x64.ActiveCfg = Debug|Any CPU
		{D33C2853-0A2B-4BC9-989F-E2374B2D0931}.Debug|x64.Build.0 = Debug|Any CPU
		{D33C2853-0A2B-4BC9-989F-E2374B2D0931}.Debug|x86.ActiveCfg = Debug|Any CPU
		{D33C2853-0A2B-4BC9-989F-E2374B2D0931}.Debug|x86.Build.0 = Debug|Any CPU
		{D33C2853-0A2B-4BC9-989F-E2374B2D0931}.Release|Any CPU.ActiveCfg = Release|Any CPU
		{D33C2853-0A2B-4BC9-989F-E2374B2D0931}.Release|Any CPU.Build.0 = Release|Any CPU
		{D33C2853-0A2B-4BC9-989F-E2374B2D0931}.Release|x64.ActiveCfg = Release|Any CPU
		{D33C2853-0A2B-4BC9-989F-E2374B2D0931}.Release|x64.Build.0 = Release|Any CPU
		{D33C2853-0A2B-4BC9-989F-E2374B2D0931}.Release|x86.ActiveCfg = Release|Any CPU
		{D33C2853-0A2B-4BC9-989F-E2374B2D0931}.Release|x86.Build.0 = Release|Any CPU
	EndGlobalSection
	GlobalSection(NestedProjects) = preSolution
		{17361F99-CFFE-4D63-A87E-EB83613568B8} = {433E4D5F-BAA8-41C6-8A00-D915C0931F0B}
		{EC9F5C58-2378-40D6-A33B-5390C1EAD82C} = {433E4D5F-BAA8-41C6-8A00-D915C0931F0B}
		{150F8C9E-317C-4200-B452-EDD1F0A32071} = {433E4D5F-BAA8-41C6-8A00-D915C0931F0B}
		{B736BEC4-9947-4D30-BB94-129FE48F82E6} = {433E4D5F-BAA8-41C6-8A00-D915C0931F0B}
		{D33C2853-0A2B-4BC9-989F-E2374B2D0931} = {D16CB978-F4E5-4A2B-9FE4-56C2FFEEEE7E}
	EndGlobalSection
EndGlobal
